# This file is autogenerated, do not edit; changes may be undone by the next 'dep ensure'.


[[projects]]
  branch = "master"
  digest = "1:0470af704aac88652cda386d98545044c3689cfba512d42fbd873292d3ae56a1"
  name = "github.com/codeliveroil/go-util"
  packages = [
    "errors",
    "test",
  ]
  pruneopts = "UT"
  revision = "8ddcead11aca3496e16b84511e80ed813b1d25d3"

[[projects]]
  digest = "1:54712910b10494a005e05972b440953e829a4b98bd1496d0eea8c1dd9dae618c"
  name = "github.com/codeliveroil/niceflags"
  packages = ["."]
  pruneopts = "UT"
  revision = "c5cb0266cb0abd745b7e2c9198ec207205a38c5d"
  version = "v1.0"

[solve-meta]
  analyzer-name = "dep"
  analyzer-version = 1
  input-imports = [
    "github.com/codeliveroil/go-util/errors",
    "github.com/codeliveroil/go-util/test",
    "github.com/codeliveroil/niceflags",
  ]
  solver-name = "gps-cdcl"
  solver-version = 1
